
Microsoft Visual Studio Solution File, Format Version 12.00
# Visual Studio Version 17
VisualStudioVersion = 17.14.36301.6
MinimumVisualStudioVersion = 10.0.40219.1
Project("{FAE04EC0-301F-11D3-BF4B-00C04F79EFBC}") = "DeployApp.API", "DeployApp.API\DeployApp.API.csproj", "{1F5E99D4-30AE-4AE5-B46F-E28340705DC1}"
EndProject
Project("{2150E333-8FDC-42A3-9474-1A3956D46DE8}") = ".github", ".github", "{02EA681E-C7D8-13C7-8484-4AC65E1B71E8}"
EndProject
Project("{2150E333-8FDC-42A3-9474-1A3956D46DE8}") = "workflows", "workflows", "{8B84AEF1-7DFA-48D4-9A79-762205CD7B70}"
	ProjectSection(SolutionItems) = preProject
		render-deploy.yml = render-deploy.yml
	EndProjectSection
EndProject
Global
	GlobalSection(SolutionConfigurationPlatforms) = preSolution
		Debug|Any CPU = Debug|Any CPU
		Release|Any CPU = Release|Any CPU
	EndGlobalSection
	GlobalSection(ProjectConfigurationPlatforms) = postSolution
		{1F5E99D4-30AE-4AE5-B46F-E28340705DC1}.Debug|Any CPU.ActiveCfg = Debug|Any CPU
		{1F5E99D4-30AE-4AE5-B46F-E28340705DC1}.Debug|Any CPU.Build.0 = Debug|Any CPU
		{1F5E99D4-30AE-4AE5-B46F-E28340705DC1}.Release|Any CPU.ActiveCfg = Release|Any CPU
		{1F5E99D4-30AE-4AE5-B46F-E28340705DC1}.Release|Any CPU.Build.0 = Release|Any CPU
	EndGlobalSection
	GlobalSection(SolutionProperties) = preSolution
		HideSolutionNode = FALSE
	EndGlobalSection
	GlobalSection(NestedProjects) = preSolution
		{8B84AEF1-7DFA-48D4-9A79-762205CD7B70} = {02EA681E-C7D8-13C7-8484-4AC65E1B71E8}
	EndGlobalSection
	GlobalSection(ExtensibilityGlobals) = postSolution
		SolutionGuid = {123ADAC2-24A3-42D5-98AC-5FD9B0B08CE3}
	EndGlobalSection
EndGlobal
